
Microsoft Visual Studio Solution File, Format Version 12.00
# Visual Studio Version 17
VisualStudioVersion = 17.14.37301.10 d17.14
MinimumVisualStudioVersion = 10.0.40219.1
Project("{FAE04EC0-301F-11D3-BF4B-00C04F79EFBC}") = "TestAzureApi", "TestAzureApi\TestAzureApi.csproj", "{BB0B9FAD-CCAD-4884-BDA5-906C3ECD6C21}"
EndProject
Global
	GlobalSection(SolutionConfigurationPlatforms) = preSolution
		Debug|Any CPU = Debug|Any CPU
		Release|Any CPU = Release|Any CPU
	EndGlobalSection
	GlobalSection(ProjectConfigurationPlatforms) = postSolution
		{BB0B9FAD-CCAD-4884-BDA5-906C3ECD6C21}.Debug|Any CPU.ActiveCfg = Debug|Any CPU
		{BB0B9FAD-CCAD-4884-BDA5-906C3ECD6C21}.Debug|Any CPU.Build.0 = Debug|Any CPU
		{BB0B9FAD-CCAD-4884-BDA5-906C3ECD6C21}.Release|Any CPU.ActiveCfg = Release|Any CPU
		{BB0B9FAD-CCAD-4884-BDA5-906C3ECD6C21}.Release|Any CPU.Build.0 = Release|Any CPU
	EndGlobalSection
	GlobalSection(SolutionProperties) = preSolution
		HideSolutionNode = FALSE
	EndGlobalSection
	GlobalSection(ExtensibilityGlobals) = postSolution
		SolutionGuid = {E00A7C6F-F849-4127-B955-C44C71CE9168}
	EndGlobalSection
EndGlobal
